// !$*UTF8*$!
{
	archiveVersion = 1;
	classes = {
	};
	objectVersion = 56;
	objects = {

/* Begin PBXBuildFile section */
		3398CCF82C6A350900E4A36B /* animation1.json in Resources */ = {isa = PBXBuildFile; fileRef = 3398CCF72C6A350900E4A36B /* animation1.json */; };
		3398CCFA2C6A398A00E4A36B /* animation2.json in Resources */ = {isa = PBXBuildFile; fileRef = 3398CCF92C6A398A00E4A36B /* animation2.json */; };
		3398CCFC2C6A3A0300E4A36B /* animation3.json in Resources */ = {isa = PBXBuildFile; fileRef = 3398CCFB2C6A3A0200E4A36B /* animation3.json */; };
		33FE98202C6A487800946744 /* Lottie in Frameworks */ = {isa = PBXBuildFile; productRef = 33FE981F2C6A487800946744 /* Lottie */; };
		723F4C7B2C4BD4BF00F400FC /* AppDelegate.swift in Sources */ = {isa = PBXBuildFile; fileRef = 723F4C7A2C4BD4BF00F400FC /* AppDelegate.swift */; };
		723F4C7D2C4BD4BF00F400FC /* SceneDelegate.swift in Sources */ = {isa = PBXBuildFile; fileRef = 723F4C7C2C4BD4BF00F400FC /* SceneDelegate.swift */; };
		723F4C7F2C4BD4BF00F400FC /* EnterViewController.swift in Sources */ = {isa = PBXBuildFile; fileRef = 723F4C7E2C4BD4BF00F400FC /* EnterViewController.swift */; };
		723F4C842C4BD4C100F400FC /* Assets.xcassets in Resources */ = {isa = PBXBuildFile; fileRef = 723F4C832C4BD4C100F400FC /* Assets.xcassets */; };
		723F4C872C4BD4C100F400FC /* Base in Resources */ = {isa = PBXBuildFile; fileRef = 723F4C862C4BD4C100F400FC /* Base */; };
		7299612E2C6914BF00917EA9 /* StyleruTabBarController.swift in Sources */ = {isa = PBXBuildFile; fileRef = 7299612D2C6914BF00917EA9 /* StyleruTabBarController.swift */; };
		729961302C6914E200917EA9 /* AnimationsViewController.swift in Sources */ = {isa = PBXBuildFile; fileRef = 7299612F2C6914E200917EA9 /* AnimationsViewController.swift */; };
		729961322C6914FC00917EA9 /* ListCollectionViewController.swift in Sources */ = {isa = PBXBuildFile; fileRef = 729961312C6914FC00917EA9 /* ListCollectionViewController.swift */; };
/* End PBXBuildFile section */

/* Begin PBXFileReference section */
		3398CCF72C6A350900E4A36B /* animation1.json */ = {isa = PBXFileReference; fileEncoding = 4; lastKnownFileType = text.json; path = animation1.json; sourceTree = "<group>"; };
		3398CCF92C6A398A00E4A36B /* animation2.json */ = {isa = PBXFileReference; fileEncoding = 4; lastKnownFileType = text.json; path = animation2.json; sourceTree = "<group>"; };
		3398CCFB2C6A3A0200E4A36B /* animation3.json */ = {isa = PBXFileReference; fileEncoding = 4; lastKnownFileType = text.json; path = animation3.json; sourceTree = "<group>"; };
		723F4C772C4BD4BF00F400FC /* AutmnSchoolRef.app */ = {isa = PBXFileReference; explicitFileType = wrapper.application; includeInIndex = 0; path = AutmnSchoolRef.app; sourceTree = BUILT_PRODUCTS_DIR; };
		723F4C7A2C4BD4BF00F400FC /* AppDelegate.swift */ = {isa = PBXFileReference; lastKnownFileType = sourcecode.swift; path = AppDelegate.swift; sourceTree = "<group>"; };
		723F4C7C2C4BD4BF00F400FC /* SceneDelegate.swift */ = {isa = PBXFileReference; lastKnownFileType = sourcecode.swift; path = SceneDelegate.swift; sourceTree = "<group>"; };
		723F4C7E2C4BD4BF00F400FC /* EnterViewController.swift */ = {isa = PBXFileReference; lastKnownFileType = sourcecode.swift; path = EnterViewController.swift; sourceTree = "<group>"; };
		723F4C832C4BD4C100F400FC /* Assets.xcassets */ = {isa = PBXFileReference; lastKnownFileType = folder.assetcatalog; path = Assets.xcassets; sourceTree = "<group>"; };
		723F4C862C4BD4C100F400FC /* Base */ = {isa = PBXFileReference; lastKnownFileType = file.storyboard; name = Base; path = Base.lproj/LaunchScreen.storyboard; sourceTree = "<group>"; };
		723F4C882C4BD4C100F400FC /* Info.plist */ = {isa = PBXFileReference; lastKnownFileType = text.plist.xml; path = Info.plist; sourceTree = "<group>"; };
		7299612D2C6914BF00917EA9 /* StyleruTabBarController.swift */ = {isa = PBXFileReference; lastKnownFileType = sourcecode.swift; path = StyleruTabBarController.swift; sourceTree = "<group>"; };
		7299612F2C6914E200917EA9 /* AnimationsViewController.swift */ = {isa = PBXFileReference; lastKnownFileType = sourcecode.swift; path = AnimationsViewController.swift; sourceTree = "<group>"; };
		729961312C6914FC00917EA9 /* ListCollectionViewController.swift */ = {isa = PBXFileReference; lastKnownFileType = sourcecode.swift; path = ListCollectionViewController.swift; sourceTree = "<group>"; };
/* End PBXFileReference section */

/* Begin PBXFrameworksBuildPhase section */
		723F4C742C4BD4BF00F400FC /* Frameworks */ = {
			isa = PBXFrameworksBuildPhase;
			buildActionMask = 2147483647;
			files = (
				33FE98202C6A487800946744 /* Lottie in Frameworks */,
			);
			runOnlyForDeploymentPostprocessing = 0;
		};
/* End PBXFrameworksBuildPhase section */

/* Begin PBXGroup section */
		33FE981E2C6A478800946744 /* Animations */ = {
			isa = PBXGroup;
			children = (
				3398CCF72C6A350900E4A36B /* animation1.json */,
				3398CCF92C6A398A00E4A36B /* animation2.json */,
				3398CCFB2C6A3A0200E4A36B /* animation3.json */,
			);
			path = Animations;
			sourceTree = "<group>";
		};
		723F4C6E2C4BD4BF00F400FC = {
			isa = PBXGroup;
			children = (
				723F4C792C4BD4BF00F400FC /* AutmnSchoolRef */,
				723F4C782C4BD4BF00F400FC /* Products */,
			);
			sourceTree = "<group>";
		};
		723F4C782C4BD4BF00F400FC /* Products */ = {
			isa = PBXGroup;
			children = (
				723F4C772C4BD4BF00F400FC /* AutmnSchoolRef.app */,
			);
			name = Products;
			sourceTree = "<group>";
		};
		723F4C792C4BD4BF00F400FC /* AutmnSchoolRef */ = {
			isa = PBXGroup;
			children = (
				7299612C2C69147800917EA9 /* TabBar */,
				723F4C902C4BDA7900F400FC /* AnimationScene */,
				723F4C8F2C4BDA6300F400FC /* LoginScene */,
				723F4C8E2C4BDA5000F400FC /* CollectionViewScenes */,
				723F4C7A2C4BD4BF00F400FC /* AppDelegate.swift */,
				723F4C7C2C4BD4BF00F400FC /* SceneDelegate.swift */,
				723F4C832C4BD4C100F400FC /* Assets.xcassets */,
				723F4C852C4BD4C100F400FC /* LaunchScreen.storyboard */,
				723F4C882C4BD4C100F400FC /* Info.plist */,
			);
			path = AutmnSchoolRef;
			sourceTree = "<group>";
		};
		723F4C8E2C4BDA5000F400FC /* CollectionViewScenes */ = {
			isa = PBXGroup;
			children = (
				729961312C6914FC00917EA9 /* ListCollectionViewController.swift */,
			);
			path = CollectionViewScenes;
			sourceTree = "<group>";
		};
		723F4C8F2C4BDA6300F400FC /* LoginScene */ = {
			isa = PBXGroup;
			children = (
				723F4C7E2C4BD4BF00F400FC /* EnterViewController.swift */,
			);
			path = LoginScene;
			sourceTree = "<group>";
		};
		723F4C902C4BDA7900F400FC /* AnimationScene */ = {
			isa = PBXGroup;
			children = (
				33FE981E2C6A478800946744 /* Animations */,
				7299612F2C6914E200917EA9 /* AnimationsViewController.swift */,
			);
			path = AnimationScene;
			sourceTree = "<group>";
		};
		7299612C2C69147800917EA9 /* TabBar */ = {
			isa = PBXGroup;
			children = (
				7299612D2C6914BF00917EA9 /* StyleruTabBarController.swift */,
			);
			path = TabBar;
			sourceTree = "<group>";
		};
/* End PBXGroup section */

/* Begin PBXNativeTarget section */
		723F4C762C4BD4BF00F400FC /* AutmnSchoolRef */ = {
			isa = PBXNativeTarget;
			buildConfigurationList = 723F4C8B2C4BD4C100F400FC /* Build configuration list for PBXNativeTarget "AutmnSchoolRef" */;
			buildPhases = (
				723F4C732C4BD4BF00F400FC /* Sources */,
				723F4C742C4BD4BF00F400FC /* Frameworks */,
				723F4C752C4BD4BF00F400FC /* Resources */,
			);
			buildRules = (
			);
			dependencies = (
			);
			name = AutmnSchoolRef;
			packageProductDependencies = (
				33FE981F2C6A487800946744 /* Lottie */,
			);
			productName = AutmnSchoolRef;
			productReference = 723F4C772C4BD4BF00F400FC /* AutmnSchoolRef.app */;
			productType = "com.apple.product-type.application";
		};
/* End PBXNativeTarget section */

/* Begin PBXProject section */
		723F4C6F2C4BD4BF00F400FC /* Project object */ = {
			isa = PBXProject;
			attributes = {
				BuildIndependentTargetsInParallel = 1;
				LastSwiftUpdateCheck = 1540;
				LastUpgradeCheck = 1540;
				TargetAttributes = {
					723F4C762C4BD4BF00F400FC = {
						CreatedOnToolsVersion = 15.4;
					};
				};
			};
			buildConfigurationList = 723F4C722C4BD4BF00F400FC /* Build configuration list for PBXProject "AutmnSchoolRef" */;
			compatibilityVersion = "Xcode 14.0";
			developmentRegion = en;
			hasScannedForEncodings = 0;
			knownRegions = (
				en,
				Base,
			);
			mainGroup = 723F4C6E2C4BD4BF00F400FC;
			packageReferences = (
				3398CCF42C6A33F500E4A36B /* XCRemoteSwiftPackageReference "lottie-ios" */,
			);
			productRefGroup = 723F4C782C4BD4BF00F400FC /* Products */;
			projectDirPath = "";
			projectRoot = "";
			targets = (
				723F4C762C4BD4BF00F400FC /* AutmnSchoolRef */,
			);
		};
/* End PBXProject section */

/* Begin PBXResourcesBuildPhase section */
		723F4C752C4BD4BF00F400FC /* Resources */ = {
			isa = PBXResourcesBuildPhase;
			buildActionMask = 2147483647;
			files = (
				723F4C842C4BD4C100F400FC /* Assets.xcassets in Resources */,
				3398CCFA2C6A398A00E4A36B /* animation2.json in Resources */,
				3398CCF82C6A350900E4A36B /* animation1.json in Resources */,
				723F4C872C4BD4C100F400FC /* Base in Resources */,
				3398CCFC2C6A3A0300E4A36B /* animation3.json in Resources */,
			);
			runOnlyForDeploymentPostprocessing = 0;
		};
/* End PBXResourcesBuildPhase section */

/* Begin PBXSourcesBuildPhase section */
		723F4C732C4BD4BF00F400FC /* Sources */ = {
			isa = PBXSourcesBuildPhase;
			buildActionMask = 2147483647;
			files = (
				7299612E2C6914BF00917EA9 /* StyleruTabBarController.swift in Sources */,
				723F4C7F2C4BD4BF00F400FC /* EnterViewController.swift in Sources */,
				723F4C7B2C4BD4BF00F400FC /* AppDelegate.swift in Sources */,
				723F4C7D2C4BD4BF00F400FC /* SceneDelegate.swift in Sources */,
				729961322C6914FC00917EA9 /* ListCollectionViewController.swift in Sources */,
				729961302C6914E200917EA9 /* AnimationsViewController.swift in Sources */,
			);
			runOnlyForDeploymentPostprocessing = 0;
		};
/* End PBXSourcesBuildPhase section */

/* Begin PBXVariantGroup section */
		723F4C852C4BD4C100F400FC /* LaunchScreen.storyboard */ = {
			isa = PBXVariantGroup;
			children = (
				723F4C862C4BD4C100F400FC /* Base */,
			);
			name = LaunchScreen.storyboard;
			sourceTree = "<group>";
		};
/* End PBXVariantGroup section */

/* Begin XCBuildConfiguration section */
		723F4C892C4BD4C100F400FC /* Debug */ = {
			isa = XCBuildConfiguration;
			buildSettings = {
				ALWAYS_SEARCH_USER_PATHS = NO;
				ASSETCATALOG_COMPILER_GENERATE_SWIFT_ASSET_SYMBOL_EXTENSIONS = YES;
				CLANG_ANALYZER_NONNULL = YES;
				CLANG_ANALYZER_NUMBER_OBJECT_CONVERSION = YES_AGGRESSIVE;
				CLANG_CXX_LANGUAGE_STANDARD = "gnu++20";
				CLANG_ENABLE_MODULES = YES;
				CLANG_ENABLE_OBJC_ARC = YES;
				CLANG_ENABLE_OBJC_WEAK = YES;
				CLANG_WARN_BLOCK_CAPTURE_AUTORELEASING = YES;
				CLANG_WARN_BOOL_CONVERSION = YES;
				CLANG_WARN_COMMA = YES;
				CLANG_WARN_CONSTANT_CONVERSION = YES;
				CLANG_WARN_DEPRECATED_OBJC_IMPLEMENTATIONS = YES;
				CLANG_WARN_DIRECT_OBJC_ISA_USAGE = YES_ERROR;
				CLANG_WARN_DOCUMENTATION_COMMENTS = YES;
				CLANG_WARN_EMPTY_BODY = YES;
				CLANG_WARN_ENUM_CONVERSION = YES;
				CLANG_WARN_INFINITE_RECURSION = YES;
				CLANG_WARN_INT_CONVERSION = YES;
				CLANG_WARN_NON_LITERAL_NULL_CONVERSION = YES;
				CLANG_WARN_OBJC_IMPLICIT_RETAIN_SELF = YES;
				CLANG_WARN_OBJC_LITERAL_CONVERSION = YES;
				CLANG_WARN_OBJC_ROOT_CLASS = YES_ERROR;
				CLANG_WARN_QUOTED_INCLUDE_IN_FRAMEWORK_HEADER = YES;
				CLANG_WARN_RANGE_LOOP_ANALYSIS = YES;
				CLANG_WARN_STRICT_PROTOTYPES = YES;
				CLANG_WARN_SUSPICIOUS_MOVE = YES;
				CLANG_WARN_UNGUARDED_AVAILABILITY = YES_AGGRESSIVE;
				CLANG_WARN_UNREACHABLE_CODE = YES;
				CLANG_WARN__DUPLICATE_METHOD_MATCH = YES;
				COPY_PHASE_STRIP = NO;
				DEBUG_INFORMATION_FORMAT = dwarf;
				ENABLE_STRICT_OBJC_MSGSEND = YES;
				ENABLE_TESTABILITY = YES;
				ENABLE_USER_SCRIPT_SANDBOXING = YES;
				GCC_C_LANGUAGE_STANDARD = gnu17;
				GCC_DYNAMIC_NO_PIC = NO;
				GCC_NO_COMMON_BLOCKS = YES;
				GCC_OPTIMIZATION_LEVEL = 0;
				GCC_PREPROCESSOR_DEFINITIONS = (
					"DEBUG=1",
					"$(inherited)",
				);
				GCC_WARN_64_TO_32_BIT_CONVERSION = YES;
				GCC_WARN_ABOUT_RETURN_TYPE = YES_ERROR;
				GCC_WARN_UNDECLARED_SELECTOR = YES;
				GCC_WARN_UNINITIALIZED_AUTOS = YES_AGGRESSIVE;
				GCC_WARN_UNUSED_FUNCTION = YES;
				GCC_WARN_UNUSED_VARIABLE = YES;
				IPHONEOS_DEPLOYMENT_TARGET = 17.5;
				LOCALIZATION_PREFERS_STRING_CATALOGS = YES;
				MTL_ENABLE_DEBUG_INFO = INCLUDE_SOURCE;
				MTL_FAST_MATH = YES;
				ONLY_ACTIVE_ARCH = YES;
				SDKROOT = iphoneos;
				SWIFT_ACTIVE_COMPILATION_CONDITIONS = "DEBUG $(inherited)";
				SWIFT_OPTIMIZATION_LEVEL = "-Onone";
			};
			name = Debug;
		};
		723F4C8A2C4BD4C100F400FC /* Release */ = {
			isa = XCBuildConfiguration;
			buildSettings = {
				ALWAYS_SEARCH_USER_PATHS = NO;
				ASSETCATALOG_COMPILER_GENERATE_SWIFT_ASSET_SYMBOL_EXTENSIONS = YES;
				CLANG_ANALYZER_NONNULL = YES;
				CLANG_ANALYZER_NUMBER_OBJECT_CONVERSION = YES_AGGRESSIVE;
				CLANG_CXX_LANGUAGE_STANDARD = "gnu++20";
				CLANG_ENABLE_MODULES = YES;
				CLANG_ENABLE_OBJC_ARC = YES;
				CLANG_ENABLE_OBJC_WEAK = YES;
				CLANG_WARN_BLOCK_CAPTURE_AUTORELEASING = YES;
				CLANG_WARN_BOOL_CONVERSION = YES;
				CLANG_WARN_COMMA = YES;
				CLANG_WARN_CONSTANT_CONVERSION = YES;
				CLANG_WARN_DEPRECATED_OBJC_IMPLEMENTATIONS = YES;
				CLANG_WARN_DIRECT_OBJC_ISA_USAGE = YES_ERROR;
				CLANG_WARN_DOCUMENTATION_COMMENTS = YES;
				CLANG_WARN_EMPTY_BODY = YES;
				CLANG_WARN_ENUM_CONVERSION = YES;
				CLANG_WARN_INFINITE_RECURSION = YES;
				CLANG_WARN_INT_CONVERSION = YES;
				CLANG_WARN_NON_LITERAL_NULL_CONVERSION = YES;
				CLANG_WARN_OBJC_IMPLICIT_RETAIN_SELF = YES;
				CLANG_WARN_OBJC_LITERAL_CONVERSION = YES;
				CLANG_WARN_OBJC_ROOT_CLASS = YES_ERROR;
				CLANG_WARN_QUOTED_INCLUDE_IN_FRAMEWORK_HEADER = YES;
				CLANG_WARN_RANGE_LOOP_ANALYSIS = YES;
				CLANG_WARN_STRICT_PROTOTYPES = YES;
				CLANG_WARN_SUSPICIOUS_MOVE = YES;
				CLANG_WARN_UNGUARDED_AVAILABILITY = YES_AGGRESSIVE;
				CLANG_WARN_UNREACHABLE_CODE = YES;
				CLANG_WARN__DUPLICATE_METHOD_MATCH = YES;
				COPY_PHASE_STRIP = NO;
				DEBUG_INFORMATION_FORMAT = "dwarf-with-dsym";
				ENABLE_NS_ASSERTIONS = NO;
				ENABLE_STRICT_OBJC_MSGSEND = YES;
				ENABLE_USER_SCRIPT_SANDBOXING = YES;
				GCC_C_LANGUAGE_STANDARD = gnu17;
				GCC_NO_COMMON_BLOCKS = YES;
				GCC_WARN_64_TO_32_BIT_CONVERSION = YES;
				GCC_WARN_ABOUT_RETURN_TYPE = YES_ERROR;
				GCC_WARN_UNDECLARED_SELECTOR = YES;
				GCC_WARN_UNINITIALIZED_AUTOS = YES_AGGRESSIVE;
				GCC_WARN_UNUSED_FUNCTION = YES;
				GCC_WARN_UNUSED_VARIABLE = YES;
				IPHONEOS_DEPLOYMENT_TARGET = 17.5;
				LOCALIZATION_PREFERS_STRING_CATALOGS = YES;
				MTL_ENABLE_DEBUG_INFO = NO;
				MTL_FAST_MATH = YES;
				SDKROOT = iphoneos;
				SWIFT_COMPILATION_MODE = wholemodule;
				VALIDATE_PRODUCT = YES;
			};
			name = Release;
		};
		723F4C8C2C4BD4C100F400FC /* Debug */ = {
			isa = XCBuildConfiguration;
			buildSettings = {
				ASSETCATALOG_COMPILER_APPICON_NAME = AppIcon;
				ASSETCATALOG_COMPILER_GLOBAL_ACCENT_COLOR_NAME = AccentColor;
				CODE_SIGN_STYLE = Automatic;
				CURRENT_PROJECT_VERSION = 1;
				DEVELOPMENT_TEAM = P99KL2FGYB;
				GENERATE_INFOPLIST_FILE = YES;
				INFOPLIST_FILE = AutmnSchoolRef/Info.plist;
				INFOPLIST_KEY_UIApplicationSupportsIndirectInputEvents = YES;
				INFOPLIST_KEY_UILaunchStoryboardName = LaunchScreen;
				INFOPLIST_KEY_UISupportedInterfaceOrientations_iPad = "UIInterfaceOrientationPortrait UIInterfaceOrientationPortraitUpsideDown UIInterfaceOrientationLandscapeLeft UIInterfaceOrientationLandscapeRight";
				INFOPLIST_KEY_UISupportedInterfaceOrientations_iPhone = "UIInterfaceOrientationPortrait UIInterfaceOrientationLandscapeLeft UIInterfaceOrientationLandscapeRight";
				LD_RUNPATH_SEARCH_PATHS = (
					"$(inherited)",
					"@executable_path/Frameworks",
				);
				MARKETING_VERSION = 1.0;
				PRODUCT_BUNDLE_IDENTIFIER = shpeklord.AutmnSchoolRef;
				PRODUCT_NAME = "$(TARGET_NAME)";
				SWIFT_EMIT_LOC_STRINGS = YES;
				SWIFT_VERSION = 5.0;
				TARGETED_DEVICE_FAMILY = "1,2";
			};
			name = Debug;
		};
		723F4C8D2C4BD4C100F400FC /* Release */ = {
			isa = XCBuildConfiguration;
			buildSettings = {
				ASSETCATALOG_COMPILER_APPICON_NAME = AppIcon;
				ASSETCATALOG_COMPILER_GLOBAL_ACCENT_COLOR_NAME = AccentColor;
				CODE_SIGN_STYLE = Automatic;
				CURRENT_PROJECT_VERSION = 1;
				DEVELOPMENT_TEAM = P99KL2FGYB;
				GENERATE_INFOPLIST_FILE = YES;
				INFOPLIST_FILE = AutmnSchoolRef/Info.plist;
				INFOPLIST_KEY_UIApplicationSupportsIndirectInputEvents = YES;
				INFOPLIST_KEY_UILaunchStoryboardName = LaunchScreen;
				INFOPLIST_KEY_UISupportedInterfaceOrientations_iPad = "UIInterfaceOrientationPortrait UIInterfaceOrientationPortraitUpsideDown UIInterfaceOrientationLandscapeLeft UIInterfaceOrientationLandscapeRight";
				INFOPLIST_KEY_UISupportedInterfaceOrientations_iPhone = "UIInterfaceOrientationPortrait UIInterfaceOrientationLandscapeLeft UIInterfaceOrientationLandscapeRight";
				LD_RUNPATH_SEARCH_PATHS = (
					"$(inherited)",
					"@executable_path/Frameworks",
				);
				MARKETING_VERSION = 1.0;
				PRODUCT_BUNDLE_IDENTIFIER = shpeklord.AutmnSchoolRef;
				PRODUCT_NAME = "$(TARGET_NAME)";
				SWIFT_EMIT_LOC_STRINGS = YES;
				SWIFT_VERSION = 5.0;
				TARGETED_DEVICE_FAMILY = "1,2";
			};
			name = Release;
		};
/* End XCBuildConfiguration section */

/* Begin XCConfigurationList section */
		723F4C722C4BD4BF00F400FC /* Build configuration list for PBXProject "AutmnSchoolRef" */ = {
			isa = XCConfigurationList;
			buildConfigurations = (
				723F4C892C4BD4C100F400FC /* Debug */,
				723F4C8A2C4BD4C100F400FC /* Release */,
			);
			defaultConfigurationIsVisible = 0;
			defaultConfigurationName = Release;
		};
		723F4C8B2C4BD4C100F400FC /* Build configuration list for PBXNativeTarget "AutmnSchoolRef" */ = {
			isa = XCConfigurationList;
			buildConfigurations = (
				723F4C8C2C4BD4C100F400FC /* Debug */,
				723F4C8D2C4BD4C100F400FC /* Release */,
			);
			defaultConfigurationIsVisible = 0;
			defaultConfigurationName = Release;
		};
/* End XCConfigurationList section */

/* Begin XCRemoteSwiftPackageReference section */
		3398CCF42C6A33F500E4A36B /* XCRemoteSwiftPackageReference "lottie-ios" */ = {
			isa = XCRemoteSwiftPackageReference;
			repositoryURL = "https://github.com/airbnb/lottie-ios";
			requirement = {
				kind = upToNextMajorVersion;
				minimumVersion = 4.5.0;
			};
		};
/* End XCRemoteSwiftPackageReference section */

/* Begin XCSwiftPackageProductDependency section */
		33FE981F2C6A487800946744 /* Lottie */ = {
			isa = XCSwiftPackageProductDependency;
			package = 3398CCF42C6A33F500E4A36B /* XCRemoteSwiftPackageReference "lottie-ios" */;
			productName = Lottie;
		};
/* End XCSwiftPackageProductDependency section */
	};
	rootObject = 723F4C6F2C4BD4BF00F400FC /* Project object */;
}
